// !$*UTF8*$!
{
	archiveVersion = 1;
	classes = {
	};
	objectVersion = 46;
	objects = {

/* Begin PBXBuildFile section */
		EC5917D41EA3C38800BA3951 /* AppDelegate.swift in Sources */ = {isa = PBXBuildFile; fileRef = EC5917D31EA3C38800BA3951 /* AppDelegate.swift */; };
		EC5917D61EA3C38800BA3951 /* ViewController.swift in Sources */ = {isa = PBXBuildFile; fileRef = EC5917D51EA3C38800BA3951 /* ViewController.swift */; };
		EC5917D91EA3C38800BA3951 /* Main.storyboard in Resources */ = {isa = PBXBuildFile; fileRef = EC5917D71EA3C38800BA3951 /* Main.storyboard */; };
		EC5917DB1EA3C38800BA3951 /* Assets.xcassets in Resources */ = {isa = PBXBuildFile; fileRef = EC5917DA1EA3C38800BA3951 /* Assets.xcassets */; };
		EC5917DE1EA3C38800BA3951 /* LaunchScreen.storyboard in Resources */ = {isa = PBXBuildFile; fileRef = EC5917DC1EA3C38800BA3951 /* LaunchScreen.storyboard */; };
		EC5917E91EA3C38800BA3951 /* QuizWorld_iOSTests.swift in Sources */ = {isa = PBXBuildFile; fileRef = EC5917E81EA3C38800BA3951 /* QuizWorld_iOSTests.swift */; };
/* End PBXBuildFile section */

/* Begin PBXContainerItemProxy section */
		EC5917E51EA3C38800BA3951 /* PBXContainerItemProxy */ = {
			isa = PBXContainerItemProxy;
			containerPortal = EC5917C81EA3C38800BA3951 /* Project object */;
			proxyType = 1;
			remoteGlobalIDString = EC5917CF1EA3C38800BA3951;
			remoteInfo = "QuizWorld-iOS";
		};
/* End PBXContainerItemProxy section */

/* Begin PBXFileReference section */
		EC5917D01EA3C38800BA3951 /* QuizWorld-iOS.app */ = {isa = PBXFileReference; explicitFileType = wrapper.application; includeInIndex = 0; path = "QuizWorld-iOS.app"; sourceTree = BUILT_PRODUCTS_DIR; };
		EC5917D31EA3C38800BA3951 /* AppDelegate.swift */ = {isa = PBXFileReference; lastKnownFileType = sourcecode.swift; path = AppDelegate.swift; sourceTree = "<group>"; };
		EC5917D51EA3C38800BA3951 /* ViewController.swift */ = {isa = PBXFileReference; lastKnownFileType = sourcecode.swift; path = ViewController.swift; sourceTree = "<group>"; };
		EC5917D81EA3C38800BA3951 /* Base */ = {isa = PBXFileReference; lastKnownFileType = file.storyboard; name = Base; path = Base.lproj/Main.storyboard; sourceTree = "<group>"; };
		EC5917DA1EA3C38800BA3951 /* Assets.xcassets */ = {isa = PBXFileReference; lastKnownFileType = folder.assetcatalog; path = Assets.xcassets; sourceTree = "<group>"; };
		EC5917DD1EA3C38800BA3951 /* Base */ = {isa = PBXFileReference; lastKnownFileType = file.storyboard; name = Base; path = Base.lproj/LaunchScreen.storyboard; sourceTree = "<group>"; };
		EC5917DF1EA3C38800BA3951 /* Info.plist */ = {isa = PBXFileReference; lastKnownFileType = text.plist.xml; path = Info.plist; sourceTree = "<group>"; };
		EC5917E41EA3C38800BA3951 /* QuizWorld-iOSTests.xctest */ = {isa = PBXFileReference; explicitFileType = wrapper.cfbundle; includeInIndex = 0; path = "QuizWorld-iOSTests.xctest"; sourceTree = BUILT_PRODUCTS_DIR; };
		EC5917E81EA3C38800BA3951 /* QuizWorld_iOSTests.swift */ = {isa = PBXFileReference; lastKnownFileType = sourcecode.swift; path = QuizWorld_iOSTests.swift; sourceTree = "<group>"; };
		EC5917EA1EA3C38800BA3951 /* Info.plist */ = {isa = PBXFileReference; lastKnownFileType = text.plist.xml; path = Info.plist; sourceTree = "<group>"; };
/* End PBXFileReference section */

/* Begin PBXFrameworksBuildPhase section */
		EC5917CD1EA3C38800BA3951 /* Frameworks */ = {
			isa = PBXFrameworksBuildPhase;
			buildActionMask = 2147483647;
			files = (
			);
			runOnlyForDeploymentPostprocessing = 0;
		};
		EC5917E11EA3C38800BA3951 /* Frameworks */ = {
			isa = PBXFrameworksBuildPhase;
			buildActionMask = 2147483647;
			files = (
			);
			runOnlyForDeploymentPostprocessing = 0;
		};
/* End PBXFrameworksBuildPhase section */

/* Begin PBXGroup section */
		EC5917C71EA3C38800BA3951 = {
			isa = PBXGroup;
			children = (
				EC5917D21EA3C38800BA3951 /* QuizWorld-iOS */,
				EC5917E71EA3C38800BA3951 /* QuizWorld-iOSTests */,
				EC5917D11EA3C38800BA3951 /* Products */,
			);
			sourceTree = "<group>";
		};
		EC5917D11EA3C38800BA3951 /* Products */ = {
			isa = PBXGroup;
			children = (
				EC5917D01EA3C38800BA3951 /* QuizWorld-iOS.app */,
				EC5917E41EA3C38800BA3951 /* QuizWorld-iOSTests.xctest */,
			);
			name = Products;
			sourceTree = "<group>";
		};
		EC5917D21EA3C38800BA3951 /* QuizWorld-iOS */ = {
			isa = PBXGroup;
			children = (
				EC5917D31EA3C38800BA3951 /* AppDelegate.swift */,
				EC5917D51EA3C38800BA3951 /* ViewController.swift */,
				EC5917D71EA3C38800BA3951 /* Main.storyboard */,
				EC5917DA1EA3C38800BA3951 /* Assets.xcassets */,
				EC5917DC1EA3C38800BA3951 /* LaunchScreen.storyboard */,
				EC5917DF1EA3C38800BA3951 /* Info.plist */,
			);
			path = "QuizWorld-iOS";
			sourceTree = "<group>";
		};
		EC5917E71EA3C38800BA3951 /* QuizWorld-iOSTests */ = {
			isa = PBXGroup;
			children = (
				EC5917E81EA3C38800BA3951 /* QuizWorld_iOSTests.swift */,
				EC5917EA1EA3C38800BA3951 /* Info.plist */,
			);
			path = "QuizWorld-iOSTests";
			sourceTree = "<group>";
		};
/* End PBXGroup section */

/* Begin PBXNativeTarget section */
		EC5917CF1EA3C38800BA3951 /* QuizWorld-iOS */ = {
			isa = PBXNativeTarget;
			buildConfigurationList = EC5917ED1EA3C38800BA3951 /* Build configuration list for PBXNativeTarget "QuizWorld-iOS" */;
			buildPhases = (
				EC5917CC1EA3C38800BA3951 /* Sources */,
				EC5917CD1EA3C38800BA3951 /* Frameworks */,
				EC5917CE1EA3C38800BA3951 /* Resources */,
			);
			buildRules = (
			);
			dependencies = (
			);
			name = "QuizWorld-iOS";
			productName = "QuizWorld-iOS";
			productReference = EC5917D01EA3C38800BA3951 /* QuizWorld-iOS.app */;
			productType = "com.apple.product-type.application";
		};
		EC5917E31EA3C38800BA3951 /* QuizWorld-iOSTests */ = {
			isa = PBXNativeTarget;
			buildConfigurationList = EC5917F01EA3C38800BA3951 /* Build configuration list for PBXNativeTarget "QuizWorld-iOSTests" */;
			buildPhases = (
				EC5917E01EA3C38800BA3951 /* Sources */,
				EC5917E11EA3C38800BA3951 /* Frameworks */,
				EC5917E21EA3C38800BA3951 /* Resources */,
			);
			buildRules = (
			);
			dependencies = (
				EC5917E61EA3C38800BA3951 /* PBXTargetDependency */,
			);
			name = "QuizWorld-iOSTests";
			productName = "QuizWorld-iOSTests";
			productReference = EC5917E41EA3C38800BA3951 /* QuizWorld-iOSTests.xctest */;
			productType = "com.apple.product-type.bundle.unit-test";
		};
/* End PBXNativeTarget section */

/* Begin PBXProject section */
		EC5917C81EA3C38800BA3951 /* Project object */ = {
			isa = PBXProject;
			attributes = {
				LastSwiftUpdateCheck = 0830;
				LastUpgradeCheck = 0830;
				ORGANIZATIONNAME = "Håkon Bogen";
				TargetAttributes = {
					EC5917CF1EA3C38800BA3951 = {
						CreatedOnToolsVersion = 8.3;
						ProvisioningStyle = Automatic;
					};
					EC5917E31EA3C38800BA3951 = {
						CreatedOnToolsVersion = 8.3;
						ProvisioningStyle = Automatic;
						TestTargetID = EC5917CF1EA3C38800BA3951;
					};
				};
			};
			buildConfigurationList = EC5917CB1EA3C38800BA3951 /* Build configuration list for PBXProject "QuizWorld-iOS" */;
			compatibilityVersion = "Xcode 3.2";
			developmentRegion = English;
			hasScannedForEncodings = 0;
			knownRegions = (
				en,
				Base,
			);
			mainGroup = EC5917C71EA3C38800BA3951;
			productRefGroup = EC5917D11EA3C38800BA3951 /* Products */;
			projectDirPath = "";
			projectRoot = "";
			targets = (
				EC5917CF1EA3C38800BA3951 /* QuizWorld-iOS */,
				EC5917E31EA3C38800BA3951 /* QuizWorld-iOSTests */,
			);
		};
/* End PBXProject section */

/* Begin PBXResourcesBuildPhase section */
		EC5917CE1EA3C38800BA3951 /* Resources */ = {
			isa = PBXResourcesBuildPhase;
			buildActionMask = 2147483647;
			files = (
				EC5917DE1EA3C38800BA3951 /* LaunchScreen.storyboard in Resources */,
				EC5917DB1EA3C38800BA3951 /* Assets.xcassets in Resources */,
				EC5917D91EA3C38800BA3951 /* Main.storyboard in Resources */,
			);
			runOnlyForDeploymentPostprocessing = 0;
		};
		EC5917E21EA3C38800BA3951 /* Resources */ = {
			isa = PBXResourcesBuildPhase;
			buildActionMask = 2147483647;
			files = (
			);
			runOnlyForDeploymentPostprocessing = 0;
		};
/* End PBXResourcesBuildPhase section */

/* Begin PBXSourcesBuildPhase section */
		EC5917CC1EA3C38800BA3951 /* Sources */ = {
			isa = PBXSourcesBuildPhase;
			buildActionMask = 2147483647;
			files = (
				EC5917D61EA3C38800BA3951 /* ViewController.swift in Sources */,
				EC5917D41EA3C38800BA3951 /* AppDelegate.swift in Sources */,
			);
			runOnlyForDeploymentPostprocessing = 0;
		};
		EC5917E01EA3C38800BA3951 /* Sources */ = {
			isa = PBXSourcesBuildPhase;
			buildActionMask = 2147483647;
			files = (
				EC5917E91EA3C38800BA3951 /* QuizWorld_iOSTests.swift in Sources */,
			);
			runOnlyForDeploymentPostprocessing = 0;
		};
/* End PBXSourcesBuildPhase section */

/* Begin PBXTargetDependency section */
		EC5917E61EA3C38800BA3951 /* PBXTargetDependency */ = {
			isa = PBXTargetDependency;
			target = EC5917CF1EA3C38800BA3951 /* QuizWorld-iOS */;
			targetProxy = EC5917E51EA3C38800BA3951 /* PBXContainerItemProxy */;
		};
/* End PBXTargetDependency section */

/* Begin PBXVariantGroup section */
		EC5917D71EA3C38800BA3951 /* Main.storyboard */ = {
			isa = PBXVariantGroup;
			children = (
				EC5917D81EA3C38800BA3951 /* Base */,
			);
			name = Main.storyboard;
			sourceTree = "<group>";
		};
		EC5917DC1EA3C38800BA3951 /* LaunchScreen.storyboard */ = {
			isa = PBXVariantGroup;
			children = (
				EC5917DD1EA3C38800BA3951 /* Base */,
			);
			name = LaunchScreen.storyboard;
			sourceTree = "<group>";
		};
/* End PBXVariantGroup section */

/* Begin XCBuildConfiguration section */
		EC5917EB1EA3C38800BA3951 /* Debug */ = {
			isa = XCBuildConfiguration;
			buildSettings = {
				ALWAYS_SEARCH_USER_PATHS = NO;
				CLANG_ANALYZER_NONNULL = YES;
				CLANG_ANALYZER_NUMBER_OBJECT_CONVERSION = YES_AGGRESSIVE;
				CLANG_CXX_LANGUAGE_STANDARD = "gnu++0x";
				CLANG_CXX_LIBRARY = "libc++";
				CLANG_ENABLE_MODULES = YES;
				CLANG_ENABLE_OBJC_ARC = YES;
				CLANG_WARN_BOOL_CONVERSION = YES;
				CLANG_WARN_CONSTANT_CONVERSION = YES;
				CLANG_WARN_DIRECT_OBJC_ISA_USAGE = YES_ERROR;
				CLANG_WARN_DOCUMENTATION_COMMENTS = YES;
				CLANG_WARN_EMPTY_BODY = YES;
				CLANG_WARN_ENUM_CONVERSION = YES;
				CLANG_WARN_INFINITE_RECURSION = YES;
				CLANG_WARN_INT_CONVERSION = YES;
				CLANG_WARN_OBJC_ROOT_CLASS = YES_ERROR;
				CLANG_WARN_SUSPICIOUS_MOVE = YES;
				CLANG_WARN_UNREACHABLE_CODE = YES;
				CLANG_WARN__DUPLICATE_METHOD_MATCH = YES;
				"CODE_SIGN_IDENTITY[sdk=iphoneos*]" = "iPhone Developer";
				COPY_PHASE_STRIP = NO;
				DEBUG_INFORMATION_FORMAT = dwarf;
				ENABLE_STRICT_OBJC_MSGSEND = YES;
				ENABLE_TESTABILITY = YES;
				GCC_C_LANGUAGE_STANDARD = gnu99;
				GCC_DYNAMIC_NO_PIC = NO;
				GCC_NO_COMMON_BLOCKS = YES;
				GCC_OPTIMIZATION_LEVEL = 0;
				GCC_PREPROCESSOR_DEFINITIONS = (
					"DEBUG=1",
					"$(inherited)",
				);
				GCC_WARN_64_TO_32_BIT_CONVERSION = YES;
				GCC_WARN_ABOUT_RETURN_TYPE = YES_ERROR;
				GCC_WARN_UNDECLARED_SELECTOR = YES;
				GCC_WARN_UNINITIALIZED_AUTOS = YES_AGGRESSIVE;
				GCC_WARN_UNUSED_FUNCTION = YES;
				GCC_WARN_UNUSED_VARIABLE = YES;
				IPHONEOS_DEPLOYMENT_TARGET = 10.3;
				MTL_ENABLE_DEBUG_INFO = YES;
				ONLY_ACTIVE_ARCH = YES;
				SDKROOT = iphoneos;
				SWIFT_ACTIVE_COMPILATION_CONDITIONS = DEBUG;
				SWIFT_OPTIMIZATION_LEVEL = "-Onone";
				TARGETED_DEVICE_FAMILY = "1,2";
			};
			name = Debug;
		};
		EC5917EC1EA3C38800BA3951 /* Release */ = {
			isa = XCBuildConfiguration;
			buildSettings = {
				ALWAYS_SEARCH_USER_PATHS = NO;
				CLANG_ANALYZER_NONNULL = YES;
				CLANG_ANALYZER_NUMBER_OBJECT_CONVERSION = YES_AGGRESSIVE;
				CLANG_CXX_LANGUAGE_STANDARD = "gnu++0x";
				CLANG_CXX_LIBRARY = "libc++";
				CLANG_ENABLE_MODULES = YES;
				CLANG_ENABLE_OBJC_ARC = YES;
				CLANG_WARN_BOOL_CONVERSION = YES;
				CLANG_WARN_CONSTANT_CONVERSION = YES;
				CLANG_WARN_DIRECT_OBJC_ISA_USAGE = YES_ERROR;
				CLANG_WARN_DOCUMENTATION_COMMENTS = YES;
				CLANG_WARN_EMPTY_BODY = YES;
				CLANG_WARN_ENUM_CONVERSION = YES;
				CLANG_WARN_INFINITE_RECURSION = YES;
				CLANG_WARN_INT_CONVERSION = YES;
				CLANG_WARN_OBJC_ROOT_CLASS = YES_ERROR;
				CLANG_WARN_SUSPICIOUS_MOVE = YES;
				CLANG_WARN_UNREACHABLE_CODE = YES;
				CLANG_WARN__DUPLICATE_METHOD_MATCH = YES;
				"CODE_SIGN_IDENTITY[sdk=iphoneos*]" = "iPhone Developer";
				COPY_PHASE_STRIP = NO;
				DEBUG_INFORMATION_FORMAT = "dwarf-with-dsym";
				ENABLE_NS_ASSERTIONS = NO;
				ENABLE_STRICT_OBJC_MSGSEND = YES;
				GCC_C_LANGUAGE_STANDARD = gnu99;
				GCC_NO_COMMON_BLOCKS = YES;
				GCC_WARN_64_TO_32_BIT_CONVERSION = YES;
				GCC_WARN_ABOUT_RETURN_TYPE = YES_ERROR;
				GCC_WARN_UNDECLARED_SELECTOR = YES;
				GCC_WARN_UNINITIALIZED_AUTOS = YES_AGGRESSIVE;
				GCC_WARN_UNUSED_FUNCTION = YES;
				GCC_WARN_UNUSED_VARIABLE = YES;
				IPHONEOS_DEPLOYMENT_TARGET = 10.3;
				MTL_ENABLE_DEBUG_INFO = NO;
				SDKROOT = iphoneos;
				SWIFT_OPTIMIZATION_LEVEL = "-Owholemodule";
				TARGETED_DEVICE_FAMILY = "1,2";
				VALIDATE_PRODUCT = YES;
			};
			name = Release;
		};
		EC5917EE1EA3C38800BA3951 /* Debug */ = {
			isa = XCBuildConfiguration;
			buildSettings = {
				ASSETCATALOG_COMPILER_APPICON_NAME = AppIcon;
				INFOPLIST_FILE = "QuizWorld-iOS/Info.plist";
				LD_RUNPATH_SEARCH_PATHS = "$(inherited) @executable_path/Frameworks";
				PRODUCT_BUNDLE_IDENTIFIER = "df.QuizWorld-iOS";
				PRODUCT_NAME = "$(TARGET_NAME)";
				SWIFT_VERSION = 3.0;
			};
			name = Debug;
		};
		EC5917EF1EA3C38800BA3951 /* Release */ = {
			isa = XCBuildConfiguration;
			buildSettings = {
				ASSETCATALOG_COMPILER_APPICON_NAME = AppIcon;
				INFOPLIST_FILE = "QuizWorld-iOS/Info.plist";
				LD_RUNPATH_SEARCH_PATHS = "$(inherited) @executable_path/Frameworks";
				PRODUCT_BUNDLE_IDENTIFIER = "df.QuizWorld-iOS";
				PRODUCT_NAME = "$(TARGET_NAME)";
				SWIFT_VERSION = 3.0;
			};
			name = Release;
		};
		EC5917F11EA3C38800BA3951 /* Debug */ = {
			isa = XCBuildConfiguration;
			buildSettings = {
				ALWAYS_EMBED_SWIFT_STANDARD_LIBRARIES = YES;
				BUNDLE_LOADER = "$(TEST_HOST)";
				INFOPLIST_FILE = "QuizWorld-iOSTests/Info.plist";
				LD_RUNPATH_SEARCH_PATHS = "$(inherited) @executable_path/Frameworks @loader_path/Frameworks";
				PRODUCT_BUNDLE_IDENTIFIER = "df.QuizWorld-iOSTests";
				PRODUCT_NAME = "$(TARGET_NAME)";
				SWIFT_VERSION = 3.0;
				TEST_HOST = "$(BUILT_PRODUCTS_DIR)/QuizWorld-iOS.app/QuizWorld-iOS";
			};
			name = Debug;
		};
		EC5917F21EA3C38800BA3951 /* Release */ = {
			isa = XCBuildConfiguration;
			buildSettings = {
				ALWAYS_EMBED_SWIFT_STANDARD_LIBRARIES = YES;
				BUNDLE_LOADER = "$(TEST_HOST)";
				INFOPLIST_FILE = "QuizWorld-iOSTests/Info.plist";
				LD_RUNPATH_SEARCH_PATHS = "$(inherited) @executable_path/Frameworks @loader_path/Frameworks";
				PRODUCT_BUNDLE_IDENTIFIER = "df.QuizWorld-iOSTests";
				PRODUCT_NAME = "$(TARGET_NAME)";
				SWIFT_VERSION = 3.0;
				TEST_HOST = "$(BUILT_PRODUCTS_DIR)/QuizWorld-iOS.app/QuizWorld-iOS";
			};
			name = Release;
		};
/* End XCBuildConfiguration section */

/* Begin XCConfigurationList section */
		EC5917CB1EA3C38800BA3951 /* Build configuration list for PBXProject "QuizWorld-iOS" */ = {
			isa = XCConfigurationList;
			buildConfigurations = (
				EC5917EB1EA3C38800BA3951 /* Debug */,
				EC5917EC1EA3C38800BA3951 /* Release */,
			);
			defaultConfigurationIsVisible = 0;
			defaultConfigurationName = Release;
		};
		EC5917ED1EA3C38800BA3951 /* Build configuration list for PBXNativeTarget "QuizWorld-iOS" */ = {
			isa = XCConfigurationList;
			buildConfigurations = (
				EC5917EE1EA3C38800BA3951 /* Debug */,
				EC5917EF1EA3C38800BA3951 /* Release */,
			);
			defaultConfigurationIsVisible = 0;
		};
		EC5917F01EA3C38800BA3951 /* Build configuration list for PBXNativeTarget "QuizWorld-iOSTests" */ = {
			isa = XCConfigurationList;
			buildConfigurations = (
				EC5917F11EA3C38800BA3951 /* Debug */,
				EC5917F21EA3C38800BA3951 /* Release */,
			);
			defaultConfigurationIsVisible = 0;
		};
/* End XCConfigurationList section */
	};
	rootObject = EC5917C81EA3C38800BA3951 /* Project object */;
}
